{
  "pins" : [
    {
      "identity" : "everything",
      "kind" : "remoteSourceControl",
      "location" : "https://github.com/schwa/Everything.git",
      "state" : {
        "branch" : "main",
        "revision" : "b600e5024768c6a369d78e6532aa1335e6d3b060"
      }
    }
  ],
  "version" : 2
}
