{
  "pins" : [
    {
      "identity" : "everything",
      "kind" : "remoteSourceControl",
      "location" : "https://github.com/schwa/Everything.git",
      "state" : {
        "branch" : "main",
        "revision" : "b600e5024768c6a369d78e6532aa1335e6d3b060"
      }
    },
    {
      "identity" : "swift-async-algorithms",
      "kind" : "remoteSourceControl",
      "location" : "https://github.com/apple/swift-async-algorithms",
      "state" : {
        "revision" : "cca423ff03ab657062f3781847e65a867b51bb01",
        "version" : "0.0.3"
      }
    },
    {
      "identity" : "swiftui-cached-async-image",
      "kind" : "remoteSourceControl",
      "location" : "https://github.com/lorenzofiamingo/swiftui-cached-async-image",
      "state" : {
        "revision" : "467a3d17479887943ab917a379e62bbaff60ac8a",
        "version" : "2.1.1"
      }
    }
  ],
  "version" : 2
}
