// !$*UTF8*$!
{
	archiveVersion = 1;
	classes = {
	};
	objectVersion = 56;
	objects = {

/* Begin PBXBuildFile section */
		4520200F290F87A200469569 /* MediaStack.swift in Sources */ = {isa = PBXBuildFile; fileRef = 4520200E290F87A200469569 /* MediaStack.swift */; };
		45202011290F8DC600469569 /* NewPost.swift in Sources */ = {isa = PBXBuildFile; fileRef = 45202010290F8DC600469569 /* NewPost.swift */; };
		452020132910281300469569 /* MainView.swift in Sources */ = {isa = PBXBuildFile; fileRef = 452020122910281300469569 /* MainView.swift */; };
		4520201529104D7D00469569 /* canned_timeline.json in Resources */ = {isa = PBXBuildFile; fileRef = 4520201429104D7D00469569 /* canned_timeline.json */; };
		455AC882290D96F600137415 /* MastodonAgainApp.swift in Sources */ = {isa = PBXBuildFile; fileRef = 455AC881290D96F600137415 /* MastodonAgainApp.swift */; };
		455AC884290D96F600137415 /* ContentView.swift in Sources */ = {isa = PBXBuildFile; fileRef = 455AC883290D96F600137415 /* ContentView.swift */; };
		455AC886290D96F700137415 /* Assets.xcassets in Resources */ = {isa = PBXBuildFile; fileRef = 455AC885290D96F700137415 /* Assets.xcassets */; };
		455AC88A290D96F700137415 /* Preview Assets.xcassets in Resources */ = {isa = PBXBuildFile; fileRef = 455AC889290D96F700137415 /* Preview Assets.xcassets */; };
		45A27F49291053FB00662B71 /* TimelineStack.swift in Sources */ = {isa = PBXBuildFile; fileRef = 45A27F48291053FB00662B71 /* TimelineStack.swift */; };
		45F1A2AF290DBB990093A8AC /* Mastodon in Frameworks */ = {isa = PBXBuildFile; productRef = 45F1A2AE290DBB990093A8AC /* Mastodon */; };
		45F1A2B2290DD6AB0093A8AC /* CachedAsyncImage in Frameworks */ = {isa = PBXBuildFile; productRef = 45F1A2B1290DD6AB0093A8AC /* CachedAsyncImage */; };
		45F1A2B6290E0F4B0093A8AC /* Support.swift in Sources */ = {isa = PBXBuildFile; fileRef = 45F1A2B5290E0F4B0093A8AC /* Support.swift */; };
		45F1A2B9290E1FB60093A8AC /* TimelineView.swift in Sources */ = {isa = PBXBuildFile; fileRef = 45F1A2B8290E1FB60093A8AC /* TimelineView.swift */; };
		45F1A2BB290E1FE50093A8AC /* StatusRow.swift in Sources */ = {isa = PBXBuildFile; fileRef = 45F1A2BA290E1FE50093A8AC /* StatusRow.swift */; };
		45F1A2BD290E31360093A8AC /* Minikeychain.swift in Sources */ = {isa = PBXBuildFile; fileRef = 45F1A2BC290E31360093A8AC /* Minikeychain.swift */; };
		45F1A2BF290E351B0093A8AC /* AuthorizationFlow.swift in Sources */ = {isa = PBXBuildFile; fileRef = 45F1A2BE290E351B0093A8AC /* AuthorizationFlow.swift */; };
		45F1A2C1290E4FEE0093A8AC /* AppModel.swift in Sources */ = {isa = PBXBuildFile; fileRef = 45F1A2C0290E4FEE0093A8AC /* AppModel.swift */; };
		45F1A2C3290E4FF60093A8AC /* AppSettings.swift in Sources */ = {isa = PBXBuildFile; fileRef = 45F1A2C2290E4FF60093A8AC /* AppSettings.swift */; };
/* End PBXBuildFile section */

/* Begin PBXFileReference section */
		45201FF9290F150100469569 /* .swiftlint.yml */ = {isa = PBXFileReference; lastKnownFileType = text.yaml; path = .swiftlint.yml; sourceTree = "<group>"; };
		45201FFA290F150100469569 /* .swiftformat */ = {isa = PBXFileReference; lastKnownFileType = text; path = .swiftformat; sourceTree = "<group>"; };
		45201FFB290F150100469569 /* .swift-version */ = {isa = PBXFileReference; lastKnownFileType = text; path = ".swift-version"; sourceTree = "<group>"; };
		45201FFC290F150100469569 /* .gitignore */ = {isa = PBXFileReference; lastKnownFileType = text; path = .gitignore; sourceTree = "<group>"; };
		45201FFE290F152000469569 /* pipeline.yml */ = {isa = PBXFileReference; lastKnownFileType = text.yaml; path = pipeline.yml; sourceTree = "<group>"; };
		45202000290F164800469569 /* MastodonAgain-Release.xcconfig */ = {isa = PBXFileReference; fileEncoding = 4; lastKnownFileType = text.xcconfig; path = "MastodonAgain-Release.xcconfig"; sourceTree = "<group>"; };
		45202001290F164800469569 /* Project-Release.xcconfig */ = {isa = PBXFileReference; fileEncoding = 4; lastKnownFileType = text.xcconfig; path = "Project-Release.xcconfig"; sourceTree = "<group>"; };
		45202002290F164800469569 /* MastodonAgain-Debug.xcconfig */ = {isa = PBXFileReference; fileEncoding = 4; lastKnownFileType = text.xcconfig; path = "MastodonAgain-Debug.xcconfig"; sourceTree = "<group>"; };
		45202003290F164800469569 /* MastodonAgain-Shared.xcconfig */ = {isa = PBXFileReference; fileEncoding = 4; lastKnownFileType = text.xcconfig; path = "MastodonAgain-Shared.xcconfig"; sourceTree = "<group>"; };
		45202004290F164800469569 /* Project-Shared.xcconfig */ = {isa = PBXFileReference; fileEncoding = 4; lastKnownFileType = text.xcconfig; path = "Project-Shared.xcconfig"; sourceTree = "<group>"; };
		45202005290F164800469569 /* Project-Debug.xcconfig */ = {isa = PBXFileReference; fileEncoding = 4; lastKnownFileType = text.xcconfig; path = "Project-Debug.xcconfig"; sourceTree = "<group>"; };
		4520200D290F273400469569 /* Info.plist */ = {isa = PBXFileReference; lastKnownFileType = text.plist; path = Info.plist; sourceTree = "<group>"; };
		4520200E290F87A200469569 /* MediaStack.swift */ = {isa = PBXFileReference; lastKnownFileType = sourcecode.swift; path = MediaStack.swift; sourceTree = "<group>"; };
		45202010290F8DC600469569 /* NewPost.swift */ = {isa = PBXFileReference; lastKnownFileType = sourcecode.swift; path = NewPost.swift; sourceTree = "<group>"; };
		452020122910281300469569 /* MainView.swift */ = {isa = PBXFileReference; lastKnownFileType = sourcecode.swift; path = MainView.swift; sourceTree = "<group>"; };
		4520201429104D7D00469569 /* canned_timeline.json */ = {isa = PBXFileReference; fileEncoding = 4; lastKnownFileType = text.json; path = canned_timeline.json; sourceTree = "<group>"; };
		455AC87E290D96F600137415 /* MastodonAgain.app */ = {isa = PBXFileReference; explicitFileType = wrapper.application; includeInIndex = 0; path = MastodonAgain.app; sourceTree = BUILT_PRODUCTS_DIR; };
		455AC881290D96F600137415 /* MastodonAgainApp.swift */ = {isa = PBXFileReference; lastKnownFileType = sourcecode.swift; path = MastodonAgainApp.swift; sourceTree = "<group>"; };
		455AC883290D96F600137415 /* ContentView.swift */ = {isa = PBXFileReference; lastKnownFileType = sourcecode.swift; path = ContentView.swift; sourceTree = "<group>"; };
		455AC885290D96F700137415 /* Assets.xcassets */ = {isa = PBXFileReference; lastKnownFileType = folder.assetcatalog; path = Assets.xcassets; sourceTree = "<group>"; };
		455AC887290D96F700137415 /* MastodonAgain.entitlements */ = {isa = PBXFileReference; lastKnownFileType = text.plist.entitlements; path = MastodonAgain.entitlements; sourceTree = "<group>"; };
		455AC889290D96F700137415 /* Preview Assets.xcassets */ = {isa = PBXFileReference; lastKnownFileType = folder.assetcatalog; path = "Preview Assets.xcassets"; sourceTree = "<group>"; };
		45A27F48291053FB00662B71 /* TimelineStack.swift */ = {isa = PBXFileReference; lastKnownFileType = sourcecode.swift; path = TimelineStack.swift; sourceTree = "<group>"; };
		45F1A2B5290E0F4B0093A8AC /* Support.swift */ = {isa = PBXFileReference; lastKnownFileType = sourcecode.swift; path = Support.swift; sourceTree = "<group>"; };
		45F1A2B7290E1B720093A8AC /* Mastodon */ = {isa = PBXFileReference; lastKnownFileType = wrapper; path = Mastodon; sourceTree = "<group>"; };
		45F1A2B8290E1FB60093A8AC /* TimelineView.swift */ = {isa = PBXFileReference; lastKnownFileType = sourcecode.swift; path = TimelineView.swift; sourceTree = "<group>"; };
		45F1A2BA290E1FE50093A8AC /* StatusRow.swift */ = {isa = PBXFileReference; lastKnownFileType = sourcecode.swift; path = StatusRow.swift; sourceTree = "<group>"; };
		45F1A2BC290E31360093A8AC /* Minikeychain.swift */ = {isa = PBXFileReference; lastKnownFileType = sourcecode.swift; path = Minikeychain.swift; sourceTree = "<group>"; };
		45F1A2BE290E351B0093A8AC /* AuthorizationFlow.swift */ = {isa = PBXFileReference; lastKnownFileType = sourcecode.swift; path = AuthorizationFlow.swift; sourceTree = "<group>"; };
		45F1A2C0290E4FEE0093A8AC /* AppModel.swift */ = {isa = PBXFileReference; lastKnownFileType = sourcecode.swift; path = AppModel.swift; sourceTree = "<group>"; };
		45F1A2C2290E4FF60093A8AC /* AppSettings.swift */ = {isa = PBXFileReference; lastKnownFileType = sourcecode.swift; path = AppSettings.swift; sourceTree = "<group>"; };
/* End PBXFileReference section */

/* Begin PBXFrameworksBuildPhase section */
		455AC87B290D96F600137415 /* Frameworks */ = {
			isa = PBXFrameworksBuildPhase;
			buildActionMask = 2147483647;
			files = (
				45F1A2AF290DBB990093A8AC /* Mastodon in Frameworks */,
				45F1A2B2290DD6AB0093A8AC /* CachedAsyncImage in Frameworks */,
			);
			runOnlyForDeploymentPostprocessing = 0;
		};
/* End PBXFrameworksBuildPhase section */

/* Begin PBXGroup section */
		45201FF8290F14E800469569 /* DotFiles */ = {
			isa = PBXGroup;
			children = (
				45201FFC290F150100469569 /* .gitignore */,
				45201FFB290F150100469569 /* .swift-version */,
				45201FFA290F150100469569 /* .swiftformat */,
				45201FF9290F150100469569 /* .swiftlint.yml */,
				45201FFD290F152000469569 /* buildkite */,
			);
			name = DotFiles;
			sourceTree = "<group>";
		};
		45201FFD290F152000469569 /* buildkite */ = {
			isa = PBXGroup;
			children = (
				45201FFE290F152000469569 /* pipeline.yml */,
			);
			path = buildkite;
			sourceTree = "<group>";
		};
		45201FFF290F164800469569 /* xcconfig */ = {
			isa = PBXGroup;
			children = (
				45202004290F164800469569 /* Project-Shared.xcconfig */,
				45202005290F164800469569 /* Project-Debug.xcconfig */,
				45202001290F164800469569 /* Project-Release.xcconfig */,
				45202003290F164800469569 /* MastodonAgain-Shared.xcconfig */,
				45202002290F164800469569 /* MastodonAgain-Debug.xcconfig */,
				45202000290F164800469569 /* MastodonAgain-Release.xcconfig */,
			);
			path = xcconfig;
			sourceTree = "<group>";
		};
		455AC875290D96F600137415 = {
			isa = PBXGroup;
			children = (
				45201FF8290F14E800469569 /* DotFiles */,
				45201FFF290F164800469569 /* xcconfig */,
				455AC891290D981A00137415 /* Packages */,
				455AC880290D96F600137415 /* MastodonAgain */,
				455AC87F290D96F600137415 /* Products */,
				45F1A2AD290DBB990093A8AC /* Frameworks */,
			);
			sourceTree = "<group>";
		};
		455AC87F290D96F600137415 /* Products */ = {
			isa = PBXGroup;
			children = (
				455AC87E290D96F600137415 /* MastodonAgain.app */,
			);
			name = Products;
			sourceTree = "<group>";
		};
		455AC880290D96F600137415 /* MastodonAgain */ = {
			isa = PBXGroup;
			children = (
				4520200D290F273400469569 /* Info.plist */,
				455AC881290D96F600137415 /* MastodonAgainApp.swift */,
				45F1A2C0290E4FEE0093A8AC /* AppModel.swift */,
				45F1A2C2290E4FF60093A8AC /* AppSettings.swift */,
				455AC883290D96F600137415 /* ContentView.swift */,
				452020122910281300469569 /* MainView.swift */,
				45A27F48291053FB00662B71 /* TimelineStack.swift */,
				45F1A2B8290E1FB60093A8AC /* TimelineView.swift */,
				45F1A2BA290E1FE50093A8AC /* StatusRow.swift */,
				4520200E290F87A200469569 /* MediaStack.swift */,
				45F1A2B5290E0F4B0093A8AC /* Support.swift */,
				45F1A2BC290E31360093A8AC /* Minikeychain.swift */,
				45F1A2BE290E351B0093A8AC /* AuthorizationFlow.swift */,
				45202010290F8DC600469569 /* NewPost.swift */,
				4520201429104D7D00469569 /* canned_timeline.json */,
				455AC885290D96F700137415 /* Assets.xcassets */,
				455AC887290D96F700137415 /* MastodonAgain.entitlements */,
				455AC888290D96F700137415 /* Preview Content */,
			);
			path = MastodonAgain;
			sourceTree = "<group>";
		};
		455AC888290D96F700137415 /* Preview Content */ = {
			isa = PBXGroup;
			children = (
				455AC889290D96F700137415 /* Preview Assets.xcassets */,
			);
			path = "Preview Content";
			sourceTree = "<group>";
		};
		455AC891290D981A00137415 /* Packages */ = {
			isa = PBXGroup;
			children = (
				45F1A2B7290E1B720093A8AC /* Mastodon */,
			);
			path = Packages;
			sourceTree = "<group>";
		};
		45F1A2AD290DBB990093A8AC /* Frameworks */ = {
			isa = PBXGroup;
			children = (
			);
			name = Frameworks;
			sourceTree = "<group>";
		};
/* End PBXGroup section */

/* Begin PBXNativeTarget section */
		455AC87D290D96F600137415 /* MastodonAgain */ = {
			isa = PBXNativeTarget;
			buildConfigurationList = 455AC88D290D96F700137415 /* Build configuration list for PBXNativeTarget "MastodonAgain" */;
			buildPhases = (
				455AC87A290D96F600137415 /* Sources */,
				455AC87B290D96F600137415 /* Frameworks */,
				455AC87C290D96F600137415 /* Resources */,
				4520200C290F179800469569 /* ShellScript */,
			);
			buildRules = (
			);
			dependencies = (
			);
			name = MastodonAgain;
			packageProductDependencies = (
				45F1A2AE290DBB990093A8AC /* Mastodon */,
				45F1A2B1290DD6AB0093A8AC /* CachedAsyncImage */,
			);
			productName = MastodonAgain;
			productReference = 455AC87E290D96F600137415 /* MastodonAgain.app */;
			productType = "com.apple.product-type.application";
		};
/* End PBXNativeTarget section */

/* Begin PBXProject section */
		455AC876290D96F600137415 /* Project object */ = {
			isa = PBXProject;
			attributes = {
				BuildIndependentTargetsInParallel = 1;
				LastSwiftUpdateCheck = 1410;
				LastUpgradeCheck = 1410;
				TargetAttributes = {
					455AC87D290D96F600137415 = {
						CreatedOnToolsVersion = 14.1;
					};
				};
			};
			buildConfigurationList = 455AC879290D96F600137415 /* Build configuration list for PBXProject "MastodonAgain" */;
			compatibilityVersion = "Xcode 14.0";
			developmentRegion = en;
			hasScannedForEncodings = 0;
			knownRegions = (
				en,
				Base,
			);
			mainGroup = 455AC875290D96F600137415;
			packageReferences = (
				45F1A2B0290DD6AB0093A8AC /* XCRemoteSwiftPackageReference "swiftui-cached-async-image" */,
			);
			productRefGroup = 455AC87F290D96F600137415 /* Products */;
			projectDirPath = "";
			projectRoot = "";
			targets = (
				455AC87D290D96F600137415 /* MastodonAgain */,
			);
		};
/* End PBXProject section */

/* Begin PBXResourcesBuildPhase section */
		455AC87C290D96F600137415 /* Resources */ = {
			isa = PBXResourcesBuildPhase;
			buildActionMask = 2147483647;
			files = (
				455AC88A290D96F700137415 /* Preview Assets.xcassets in Resources */,
				455AC886290D96F700137415 /* Assets.xcassets in Resources */,
				4520201529104D7D00469569 /* canned_timeline.json in Resources */,
			);
			runOnlyForDeploymentPostprocessing = 0;
		};
/* End PBXResourcesBuildPhase section */

/* Begin PBXShellScriptBuildPhase section */
		4520200C290F179800469569 /* ShellScript */ = {
			isa = PBXShellScriptBuildPhase;
			alwaysOutOfDate = 1;
			buildActionMask = 2147483647;
			files = (
			);
			inputFileListPaths = (
			);
			inputPaths = (
			);
			outputFileListPaths = (
			);
			outputPaths = (
			);
			runOnlyForDeploymentPostprocessing = 0;
			shellPath = /bin/sh;
			shellScript = "export PATH=$PATH:/opt/homebrew/bin\nif which -s swiftlint;\nthen\n    swiftlint lint --quiet\nfi\n";
			showEnvVarsInLog = 0;
		};
/* End PBXShellScriptBuildPhase section */

/* Begin PBXSourcesBuildPhase section */
		455AC87A290D96F600137415 /* Sources */ = {
			isa = PBXSourcesBuildPhase;
			buildActionMask = 2147483647;
			files = (
				455AC884290D96F600137415 /* ContentView.swift in Sources */,
				452020132910281300469569 /* MainView.swift in Sources */,
				4520200F290F87A200469569 /* MediaStack.swift in Sources */,
				45A27F49291053FB00662B71 /* TimelineStack.swift in Sources */,
				45F1A2BB290E1FE50093A8AC /* StatusRow.swift in Sources */,
				45202011290F8DC600469569 /* NewPost.swift in Sources */,
				45F1A2BF290E351B0093A8AC /* AuthorizationFlow.swift in Sources */,
				45F1A2C1290E4FEE0093A8AC /* AppModel.swift in Sources */,
				45F1A2BD290E31360093A8AC /* Minikeychain.swift in Sources */,
				455AC882290D96F600137415 /* MastodonAgainApp.swift in Sources */,
				45F1A2B9290E1FB60093A8AC /* TimelineView.swift in Sources */,
				45F1A2C3290E4FF60093A8AC /* AppSettings.swift in Sources */,
				45F1A2B6290E0F4B0093A8AC /* Support.swift in Sources */,
			);
			runOnlyForDeploymentPostprocessing = 0;
		};
/* End PBXSourcesBuildPhase section */

/* Begin XCBuildConfiguration section */
		455AC88B290D96F700137415 /* Debug */ = {
			isa = XCBuildConfiguration;
			baseConfigurationReference = 45202005290F164800469569 /* Project-Debug.xcconfig */;
			buildSettings = {
			};
			name = Debug;
		};
		455AC88C290D96F700137415 /* Release */ = {
			isa = XCBuildConfiguration;
			baseConfigurationReference = 45202001290F164800469569 /* Project-Release.xcconfig */;
			buildSettings = {
			};
			name = Release;
		};
		455AC88E290D96F700137415 /* Debug */ = {
			isa = XCBuildConfiguration;
			baseConfigurationReference = 45202002290F164800469569 /* MastodonAgain-Debug.xcconfig */;
			buildSettings = {
				INFOPLIST_FILE = MastodonAgain/Info.plist;
				INFOPLIST_KEY_LSApplicationCategoryType = "public.app-category.social-networking";
				INFOPLIST_KEY_UISupportedInterfaceOrientations_iPad = "UIInterfaceOrientationPortrait UIInterfaceOrientationPortraitUpsideDown UIInterfaceOrientationLandscapeLeft UIInterfaceOrientationLandscapeRight";
				INFOPLIST_KEY_UISupportedInterfaceOrientations_iPhone = "UIInterfaceOrientationPortrait UIInterfaceOrientationLandscapeLeft UIInterfaceOrientationLandscapeRight";
			};
			name = Debug;
		};
		455AC88F290D96F700137415 /* Release */ = {
			isa = XCBuildConfiguration;
			baseConfigurationReference = 45202000290F164800469569 /* MastodonAgain-Release.xcconfig */;
			buildSettings = {
				INFOPLIST_FILE = MastodonAgain/Info.plist;
				INFOPLIST_KEY_LSApplicationCategoryType = "public.app-category.social-networking";
				INFOPLIST_KEY_UISupportedInterfaceOrientations_iPad = "UIInterfaceOrientationPortrait UIInterfaceOrientationPortraitUpsideDown UIInterfaceOrientationLandscapeLeft UIInterfaceOrientationLandscapeRight";
				INFOPLIST_KEY_UISupportedInterfaceOrientations_iPhone = "UIInterfaceOrientationPortrait UIInterfaceOrientationLandscapeLeft UIInterfaceOrientationLandscapeRight";
			};
			name = Release;
		};
/* End XCBuildConfiguration section */

/* Begin XCConfigurationList section */
		455AC879290D96F600137415 /* Build configuration list for PBXProject "MastodonAgain" */ = {
			isa = XCConfigurationList;
			buildConfigurations = (
				455AC88B290D96F700137415 /* Debug */,
				455AC88C290D96F700137415 /* Release */,
			);
			defaultConfigurationIsVisible = 0;
			defaultConfigurationName = Release;
		};
		455AC88D290D96F700137415 /* Build configuration list for PBXNativeTarget "MastodonAgain" */ = {
			isa = XCConfigurationList;
			buildConfigurations = (
				455AC88E290D96F700137415 /* Debug */,
				455AC88F290D96F700137415 /* Release */,
			);
			defaultConfigurationIsVisible = 0;
			defaultConfigurationName = Release;
		};
/* End XCConfigurationList section */

/* Begin XCRemoteSwiftPackageReference section */
		45F1A2B0290DD6AB0093A8AC /* XCRemoteSwiftPackageReference "swiftui-cached-async-image" */ = {
			isa = XCRemoteSwiftPackageReference;
			repositoryURL = "https://github.com/lorenzofiamingo/swiftui-cached-async-image";
			requirement = {
				kind = upToNextMajorVersion;
				minimumVersion = 2.0.0;
			};
		};
/* End XCRemoteSwiftPackageReference section */

/* Begin XCSwiftPackageProductDependency section */
		45F1A2AE290DBB990093A8AC /* Mastodon */ = {
			isa = XCSwiftPackageProductDependency;
			productName = Mastodon;
		};
		45F1A2B1290DD6AB0093A8AC /* CachedAsyncImage */ = {
			isa = XCSwiftPackageProductDependency;
			package = 45F1A2B0290DD6AB0093A8AC /* XCRemoteSwiftPackageReference "swiftui-cached-async-image" */;
			productName = CachedAsyncImage;
		};
/* End XCSwiftPackageProductDependency section */
	};
	rootObject = 455AC876290D96F600137415 /* Project object */;
}
