// !$*UTF8*$!
{
	archiveVersion = 1;
	classes = {
	};
	objectVersion = 56;
	objects = {

/* Begin PBXBuildFile section */
		451434982918386E004A9208 /* InstanceModel.swift in Sources */ = {isa = PBXBuildFile; fileRef = 451434972918386E004A9208 /* InstanceModel.swift */; };
		4514349D29184E05004A9208 /* SigninsView.swift in Sources */ = {isa = PBXBuildFile; fileRef = 4514349C29184E05004A9208 /* SigninsView.swift */; };
		4520200F290F87A200469569 /* MediaStack.swift in Sources */ = {isa = PBXBuildFile; fileRef = 4520200E290F87A200469569 /* MediaStack.swift */; };
		45202011290F8DC600469569 /* NewPostWindow.swift in Sources */ = {isa = PBXBuildFile; fileRef = 45202010290F8DC600469569 /* NewPostWindow.swift */; };
		452020132910281300469569 /* MainView.swift in Sources */ = {isa = PBXBuildFile; fileRef = 452020122910281300469569 /* MainView.swift */; };
		4529E98229286D0300ABFA42 /* NotificationsView.swift in Sources */ = {isa = PBXBuildFile; fileRef = 4529E98129286D0300ABFA42 /* NotificationsView.swift */; };
		453BB94A292720A800FAA259 /* SigninPicker.swift in Sources */ = {isa = PBXBuildFile; fileRef = 453BB949292720A800FAA259 /* SigninPicker.swift */; };
		454ED2FE2929D9CA0067B070 /* Blueprint in Frameworks */ = {isa = PBXBuildFile; productRef = 454ED2FD2929D9CA0067B070 /* Blueprint */; };
		454ED3002929D9CA0067B070 /* Mastodon in Frameworks */ = {isa = PBXBuildFile; productRef = 454ED2FF2929D9CA0067B070 /* Mastodon */; };
		454ED3022929D9CA0067B070 /* Storage in Frameworks */ = {isa = PBXBuildFile; productRef = 454ED3012929D9CA0067B070 /* Storage */; };
		454ED3042929D9CA0067B070 /* Support in Frameworks */ = {isa = PBXBuildFile; productRef = 454ED3032929D9CA0067B070 /* Support */; };
		4550D6972932999E00A876BC /* StatusesView.swift in Sources */ = {isa = PBXBuildFile; fileRef = 4550D6962932999E00A876BC /* StatusesView.swift */; };
		4550D69929329C8000A876BC /* Avatar.swift in Sources */ = {isa = PBXBuildFile; fileRef = 4550D69829329C8000A876BC /* Avatar.swift */; };
		455AC882290D96F600137415 /* MastodonAgainApp.swift in Sources */ = {isa = PBXBuildFile; fileRef = 455AC881290D96F600137415 /* MastodonAgainApp.swift */; };
		455AC884290D96F600137415 /* ContentView.swift in Sources */ = {isa = PBXBuildFile; fileRef = 455AC883290D96F600137415 /* ContentView.swift */; };
		455AC886290D96F700137415 /* Assets.xcassets in Resources */ = {isa = PBXBuildFile; fileRef = 455AC885290D96F700137415 /* Assets.xcassets */; };
		455AC88A290D96F700137415 /* Preview Assets.xcassets in Resources */ = {isa = PBXBuildFile; fileRef = 455AC889290D96F700137415 /* Preview Assets.xcassets */; };
		455E6D7E292D27E300ACACF8 /* NavigationSplitViewVisibility+RawRepresentable.swift in Sources */ = {isa = PBXBuildFile; fileRef = 455E6D7D292D27E300ACACF8 /* NavigationSplitViewVisibility+RawRepresentable.swift */; };
		4592A5562930199300B4C7BF /* ConsoleLogView.swift in Sources */ = {isa = PBXBuildFile; fileRef = 4592A5552930199300B4C7BF /* ConsoleLogView.swift */; };
		4592A5582931A27900B4C7BF /* BookmarksView.swift in Sources */ = {isa = PBXBuildFile; fileRef = 4592A5572931A27900B4C7BF /* BookmarksView.swift */; };
		4592E171292C5A230037416B /* ActionButtonStyle.swift in Sources */ = {isa = PBXBuildFile; fileRef = 4592E170292C5A230037416B /* ActionButtonStyle.swift */; };
		4596FB3B292DAAE200BFDD90 /* NarrowStatusRow.swift in Sources */ = {isa = PBXBuildFile; fileRef = 4596FB3A292DAAE200BFDD90 /* NarrowStatusRow.swift */; };
		45A3C25B292EB6E7009A3243 /* RelationshipsView.swift in Sources */ = {isa = PBXBuildFile; fileRef = 45A3C25A292EB6E7009A3243 /* RelationshipsView.swift */; };
		45B45CC2291065870070F1C5 /* PagedContentView.swift in Sources */ = {isa = PBXBuildFile; fileRef = 45B45CC1291065870070F1C5 /* PagedContentView.swift */; };
		45B45CC4291086660070F1C5 /* CardView.swift in Sources */ = {isa = PBXBuildFile; fileRef = 45B45CC3291086660070F1C5 /* CardView.swift */; };
		45E595A0292A89500005F5B6 /* StatusRow.swift in Sources */ = {isa = PBXBuildFile; fileRef = 45E5959F292A89500005F5B6 /* StatusRow.swift */; };
		45E595A2292AAE600005F5B6 /* StatusActions.swift in Sources */ = {isa = PBXBuildFile; fileRef = 45E595A1292AAE600005F5B6 /* StatusActions.swift */; };
		45E6F3CA292DFDA40021205F /* AccountActions.swift in Sources */ = {isa = PBXBuildFile; fileRef = 45E6F3C9292DFDA40021205F /* AccountActions.swift */; };
		45E6F3CC292E07C40021205F /* Announcements.swift in Sources */ = {isa = PBXBuildFile; fileRef = 45E6F3CB292E07C40021205F /* Announcements.swift */; };
		45F1A2B2290DD6AB0093A8AC /* CachedAsyncImage in Frameworks */ = {isa = PBXBuildFile; productRef = 45F1A2B1290DD6AB0093A8AC /* CachedAsyncImage */; };
		45F1A2B6290E0F4B0093A8AC /* Support.swift in Sources */ = {isa = PBXBuildFile; fileRef = 45F1A2B5290E0F4B0093A8AC /* Support.swift */; };
		45F1A2B9290E1FB60093A8AC /* TimelineView.swift in Sources */ = {isa = PBXBuildFile; fileRef = 45F1A2B8290E1FB60093A8AC /* TimelineView.swift */; };
		45F1A2BB290E1FE50093A8AC /* LargeStatusRow.swift in Sources */ = {isa = PBXBuildFile; fileRef = 45F1A2BA290E1FE50093A8AC /* LargeStatusRow.swift */; };
		45F1A2BD290E31360093A8AC /* Minikeychain.swift in Sources */ = {isa = PBXBuildFile; fileRef = 45F1A2BC290E31360093A8AC /* Minikeychain.swift */; };
		45F1A2C1290E4FEE0093A8AC /* AppModel.swift in Sources */ = {isa = PBXBuildFile; fileRef = 45F1A2C0290E4FEE0093A8AC /* AppModel.swift */; };
		45F1A2C3290E4FF60093A8AC /* AppSettings.swift in Sources */ = {isa = PBXBuildFile; fileRef = 45F1A2C2290E4FF60093A8AC /* AppSettings.swift */; };
		45FDAF822916EE5A0073E8E0 /* MiniStatusRow.swift in Sources */ = {isa = PBXBuildFile; fileRef = 45FDAF812916EE5A0073E8E0 /* MiniStatusRow.swift */; };
		45FDAF84291714F40073E8E0 /* StatusInfoView.swift in Sources */ = {isa = PBXBuildFile; fileRef = 45FDAF83291714F40073E8E0 /* StatusInfoView.swift */; };
		45FDAF86291715130073E8E0 /* AccountInfoView.swift in Sources */ = {isa = PBXBuildFile; fileRef = 45FDAF85291715130073E8E0 /* AccountInfoView.swift */; };
		45FDAF8929177EF50073E8E0 /* AsyncAlgorithms in Frameworks */ = {isa = PBXBuildFile; productRef = 45FDAF8829177EF50073E8E0 /* AsyncAlgorithms */; };
		74547AFB2931A41200500E38 /* ImageDescription.swift in Sources */ = {isa = PBXBuildFile; fileRef = 74547AFA2931A41200500E38 /* ImageDescription.swift */; };
		A19FD1FB29295CAF00F6BE86 /* SignInViewModel.swift in Sources */ = {isa = PBXBuildFile; fileRef = A19FD1FA29295CAF00F6BE86 /* SignInViewModel.swift */; };
/* End PBXBuildFile section */

/* Begin PBXFileReference section */
		4511AFBC2929D07E008A1858 /* MastodonAgain.xctestplan */ = {isa = PBXFileReference; lastKnownFileType = text; path = MastodonAgain.xctestplan; sourceTree = "<group>"; };
		451434972918386E004A9208 /* InstanceModel.swift */ = {isa = PBXFileReference; lastKnownFileType = sourcecode.swift; path = InstanceModel.swift; sourceTree = "<group>"; };
		4514349C29184E05004A9208 /* SigninsView.swift */ = {isa = PBXFileReference; lastKnownFileType = sourcecode.swift; path = SigninsView.swift; sourceTree = "<group>"; };
		45201FF9290F150100469569 /* .swiftlint.yml */ = {isa = PBXFileReference; lastKnownFileType = text.yaml; path = .swiftlint.yml; sourceTree = "<group>"; };
		45201FFA290F150100469569 /* .swiftformat */ = {isa = PBXFileReference; lastKnownFileType = text; path = .swiftformat; sourceTree = "<group>"; };
		45201FFB290F150100469569 /* .swift-version */ = {isa = PBXFileReference; lastKnownFileType = text; path = ".swift-version"; sourceTree = "<group>"; };
		45201FFC290F150100469569 /* .gitignore */ = {isa = PBXFileReference; lastKnownFileType = text; path = .gitignore; sourceTree = "<group>"; };
		45201FFE290F152000469569 /* pipeline.yml */ = {isa = PBXFileReference; lastKnownFileType = text.yaml; path = pipeline.yml; sourceTree = "<group>"; };
		45202000290F164800469569 /* MastodonAgain-Release.xcconfig */ = {isa = PBXFileReference; fileEncoding = 4; lastKnownFileType = text.xcconfig; path = "MastodonAgain-Release.xcconfig"; sourceTree = "<group>"; };
		45202001290F164800469569 /* Project-Release.xcconfig */ = {isa = PBXFileReference; fileEncoding = 4; lastKnownFileType = text.xcconfig; path = "Project-Release.xcconfig"; sourceTree = "<group>"; };
		45202002290F164800469569 /* MastodonAgain-Debug.xcconfig */ = {isa = PBXFileReference; fileEncoding = 4; lastKnownFileType = text.xcconfig; path = "MastodonAgain-Debug.xcconfig"; sourceTree = "<group>"; };
		45202003290F164800469569 /* MastodonAgain-Shared.xcconfig */ = {isa = PBXFileReference; fileEncoding = 4; lastKnownFileType = text.xcconfig; path = "MastodonAgain-Shared.xcconfig"; sourceTree = "<group>"; };
		45202004290F164800469569 /* Project-Shared.xcconfig */ = {isa = PBXFileReference; fileEncoding = 4; lastKnownFileType = text.xcconfig; path = "Project-Shared.xcconfig"; sourceTree = "<group>"; };
		45202005290F164800469569 /* Project-Debug.xcconfig */ = {isa = PBXFileReference; fileEncoding = 4; lastKnownFileType = text.xcconfig; path = "Project-Debug.xcconfig"; sourceTree = "<group>"; };
		4520200D290F273400469569 /* Info.plist */ = {isa = PBXFileReference; lastKnownFileType = text.plist; path = Info.plist; sourceTree = "<group>"; };
		4520200E290F87A200469569 /* MediaStack.swift */ = {isa = PBXFileReference; lastKnownFileType = sourcecode.swift; path = MediaStack.swift; sourceTree = "<group>"; };
		45202010290F8DC600469569 /* NewPostWindow.swift */ = {isa = PBXFileReference; lastKnownFileType = sourcecode.swift; path = NewPostWindow.swift; sourceTree = "<group>"; };
		452020122910281300469569 /* MainView.swift */ = {isa = PBXFileReference; lastKnownFileType = sourcecode.swift; path = MainView.swift; sourceTree = "<group>"; };
		4529E98129286D0300ABFA42 /* NotificationsView.swift */ = {isa = PBXFileReference; lastKnownFileType = sourcecode.swift; path = NotificationsView.swift; sourceTree = "<group>"; };
		453BB949292720A800FAA259 /* SigninPicker.swift */ = {isa = PBXFileReference; lastKnownFileType = sourcecode.swift; path = SigninPicker.swift; sourceTree = "<group>"; };
		454ED2F92929D9A30067B070 /* Blueprint */ = {isa = PBXFileReference; lastKnownFileType = wrapper; path = Blueprint; sourceTree = "<group>"; };
		454ED2FA2929D9B70067B070 /* Mastodon */ = {isa = PBXFileReference; lastKnownFileType = wrapper; path = Mastodon; sourceTree = "<group>"; };
		454ED2FB2929D9B70067B070 /* Storage */ = {isa = PBXFileReference; lastKnownFileType = wrapper; path = Storage; sourceTree = "<group>"; };
		454ED2FC2929D9B70067B070 /* Support */ = {isa = PBXFileReference; lastKnownFileType = wrapper; path = Support; sourceTree = "<group>"; };
		4550D6962932999E00A876BC /* StatusesView.swift */ = {isa = PBXFileReference; fileEncoding = 4; lastKnownFileType = sourcecode.swift; path = StatusesView.swift; sourceTree = "<group>"; };
		4550D69829329C8000A876BC /* Avatar.swift */ = {isa = PBXFileReference; lastKnownFileType = sourcecode.swift; path = Avatar.swift; sourceTree = "<group>"; };
		4550D69A2932A53800A876BC /* CHANGELOG.md */ = {isa = PBXFileReference; fileEncoding = 4; lastKnownFileType = net.daringfireball.markdown; path = CHANGELOG.md; sourceTree = "<group>"; };
		455AC87E290D96F600137415 /* MastodonAgain.app */ = {isa = PBXFileReference; explicitFileType = wrapper.application; includeInIndex = 0; path = MastodonAgain.app; sourceTree = BUILT_PRODUCTS_DIR; };
		455AC881290D96F600137415 /* MastodonAgainApp.swift */ = {isa = PBXFileReference; lastKnownFileType = sourcecode.swift; path = MastodonAgainApp.swift; sourceTree = "<group>"; };
		455AC883290D96F600137415 /* ContentView.swift */ = {isa = PBXFileReference; lastKnownFileType = sourcecode.swift; path = ContentView.swift; sourceTree = "<group>"; };
		455AC885290D96F700137415 /* Assets.xcassets */ = {isa = PBXFileReference; lastKnownFileType = folder.assetcatalog; path = Assets.xcassets; sourceTree = "<group>"; };
		455AC887290D96F700137415 /* MastodonAgain.entitlements */ = {isa = PBXFileReference; lastKnownFileType = text.plist.entitlements; path = MastodonAgain.entitlements; sourceTree = "<group>"; };
		455AC889290D96F700137415 /* Preview Assets.xcassets */ = {isa = PBXFileReference; lastKnownFileType = folder.assetcatalog; path = "Preview Assets.xcassets"; sourceTree = "<group>"; };
		455E6D7D292D27E300ACACF8 /* NavigationSplitViewVisibility+RawRepresentable.swift */ = {isa = PBXFileReference; fileEncoding = 4; lastKnownFileType = sourcecode.swift; path = "NavigationSplitViewVisibility+RawRepresentable.swift"; sourceTree = "<group>"; };
		4592A5552930199300B4C7BF /* ConsoleLogView.swift */ = {isa = PBXFileReference; fileEncoding = 4; lastKnownFileType = sourcecode.swift; path = ConsoleLogView.swift; sourceTree = "<group>"; };
		4592A5572931A27900B4C7BF /* BookmarksView.swift */ = {isa = PBXFileReference; lastKnownFileType = sourcecode.swift; path = BookmarksView.swift; sourceTree = "<group>"; };
		4592E170292C5A230037416B /* ActionButtonStyle.swift */ = {isa = PBXFileReference; lastKnownFileType = sourcecode.swift; path = ActionButtonStyle.swift; sourceTree = "<group>"; };
		4596FB3A292DAAE200BFDD90 /* NarrowStatusRow.swift */ = {isa = PBXFileReference; lastKnownFileType = sourcecode.swift; path = NarrowStatusRow.swift; sourceTree = "<group>"; };
		45A3C25A292EB6E7009A3243 /* RelationshipsView.swift */ = {isa = PBXFileReference; lastKnownFileType = sourcecode.swift; path = RelationshipsView.swift; sourceTree = "<group>"; };
		45B45CC1291065870070F1C5 /* PagedContentView.swift */ = {isa = PBXFileReference; lastKnownFileType = sourcecode.swift; path = PagedContentView.swift; sourceTree = "<group>"; };
		45B45CC3291086660070F1C5 /* CardView.swift */ = {isa = PBXFileReference; lastKnownFileType = sourcecode.swift; path = CardView.swift; sourceTree = "<group>"; };
		45E5959F292A89500005F5B6 /* StatusRow.swift */ = {isa = PBXFileReference; lastKnownFileType = sourcecode.swift; path = StatusRow.swift; sourceTree = "<group>"; };
		45E595A1292AAE600005F5B6 /* StatusActions.swift */ = {isa = PBXFileReference; lastKnownFileType = sourcecode.swift; path = StatusActions.swift; sourceTree = "<group>"; };
		45E6F3C9292DFDA40021205F /* AccountActions.swift */ = {isa = PBXFileReference; lastKnownFileType = sourcecode.swift; path = AccountActions.swift; sourceTree = "<group>"; };
		45E6F3CB292E07C40021205F /* Announcements.swift */ = {isa = PBXFileReference; lastKnownFileType = sourcecode.swift; path = Announcements.swift; sourceTree = "<group>"; };
		45F1A2B5290E0F4B0093A8AC /* Support.swift */ = {isa = PBXFileReference; lastKnownFileType = sourcecode.swift; path = Support.swift; sourceTree = "<group>"; };
		45F1A2B8290E1FB60093A8AC /* TimelineView.swift */ = {isa = PBXFileReference; lastKnownFileType = sourcecode.swift; path = TimelineView.swift; sourceTree = "<group>"; };
		45F1A2BA290E1FE50093A8AC /* LargeStatusRow.swift */ = {isa = PBXFileReference; lastKnownFileType = sourcecode.swift; path = LargeStatusRow.swift; sourceTree = "<group>"; };
		45F1A2BC290E31360093A8AC /* Minikeychain.swift */ = {isa = PBXFileReference; lastKnownFileType = sourcecode.swift; path = Minikeychain.swift; sourceTree = "<group>"; };
		45F1A2C0290E4FEE0093A8AC /* AppModel.swift */ = {isa = PBXFileReference; lastKnownFileType = sourcecode.swift; path = AppModel.swift; sourceTree = "<group>"; };
		45F1A2C2290E4FF60093A8AC /* AppSettings.swift */ = {isa = PBXFileReference; lastKnownFileType = sourcecode.swift; path = AppSettings.swift; sourceTree = "<group>"; };
		45FDAF812916EE5A0073E8E0 /* MiniStatusRow.swift */ = {isa = PBXFileReference; lastKnownFileType = sourcecode.swift; path = MiniStatusRow.swift; sourceTree = "<group>"; };
		45FDAF83291714F40073E8E0 /* StatusInfoView.swift */ = {isa = PBXFileReference; lastKnownFileType = sourcecode.swift; path = StatusInfoView.swift; sourceTree = "<group>"; };
		45FDAF85291715130073E8E0 /* AccountInfoView.swift */ = {isa = PBXFileReference; lastKnownFileType = sourcecode.swift; path = AccountInfoView.swift; sourceTree = "<group>"; };
		45FDAF8A29178A970073E8E0 /* README.md */ = {isa = PBXFileReference; lastKnownFileType = net.daringfireball.markdown; path = README.md; sourceTree = "<group>"; };
		74547AFA2931A41200500E38 /* ImageDescription.swift */ = {isa = PBXFileReference; lastKnownFileType = sourcecode.swift; path = ImageDescription.swift; sourceTree = "<group>"; };
		A19FD1FA29295CAF00F6BE86 /* SignInViewModel.swift */ = {isa = PBXFileReference; lastKnownFileType = sourcecode.swift; path = SignInViewModel.swift; sourceTree = "<group>"; };
/* End PBXFileReference section */

/* Begin PBXFrameworksBuildPhase section */
		455AC87B290D96F600137415 /* Frameworks */ = {
			isa = PBXFrameworksBuildPhase;
			buildActionMask = 2147483647;
			files = (
				454ED3042929D9CA0067B070 /* Support in Frameworks */,
				454ED2FE2929D9CA0067B070 /* Blueprint in Frameworks */,
				454ED3002929D9CA0067B070 /* Mastodon in Frameworks */,
				45F1A2B2290DD6AB0093A8AC /* CachedAsyncImage in Frameworks */,
				454ED3022929D9CA0067B070 /* Storage in Frameworks */,
				45FDAF8929177EF50073E8E0 /* AsyncAlgorithms in Frameworks */,
			);
			runOnlyForDeploymentPostprocessing = 0;
		};
/* End PBXFrameworksBuildPhase section */

/* Begin PBXGroup section */
		4511AFBB2929D07E008A1858 /* Test Plans */ = {
			isa = PBXGroup;
			children = (
				4511AFBC2929D07E008A1858 /* MastodonAgain.xctestplan */,
			);
			path = "Test Plans";
			sourceTree = "<group>";
		};
		4514349929183DD6004A9208 /* Main */ = {
			isa = PBXGroup;
			children = (
				455AC881290D96F600137415 /* MastodonAgainApp.swift */,
				45F1A2C0290E4FEE0093A8AC /* AppModel.swift */,
				451434972918386E004A9208 /* InstanceModel.swift */,
				45F1A2C2290E4FF60093A8AC /* AppSettings.swift */,
				455AC883290D96F600137415 /* ContentView.swift */,
				452020122910281300469569 /* MainView.swift */,
				453BB949292720A800FAA259 /* SigninPicker.swift */,
				A19FD1FA29295CAF00F6BE86 /* SignInViewModel.swift */,
				4514349C29184E05004A9208 /* SigninsView.swift */,
			);
			path = Main;
			sourceTree = "<group>";
		};
		4514349A29183DF1004A9208 /* Content */ = {
			isa = PBXGroup;
			children = (
				45FDAF85291715130073E8E0 /* AccountInfoView.swift */,
				45F1A2B8290E1FB60093A8AC /* TimelineView.swift */,
				45E5959F292A89500005F5B6 /* StatusRow.swift */,
				45E595A1292AAE600005F5B6 /* StatusActions.swift */,
				45E6F3C9292DFDA40021205F /* AccountActions.swift */,
				4592E170292C5A230037416B /* ActionButtonStyle.swift */,
				4596FB3A292DAAE200BFDD90 /* NarrowStatusRow.swift */,
				45F1A2BA290E1FE50093A8AC /* LargeStatusRow.swift */,
				45FDAF812916EE5A0073E8E0 /* MiniStatusRow.swift */,
				45B45CC3291086660070F1C5 /* CardView.swift */,
				4520200E290F87A200469569 /* MediaStack.swift */,
				45FDAF83291714F40073E8E0 /* StatusInfoView.swift */,
				45202010290F8DC600469569 /* NewPostWindow.swift */,
				4529E98129286D0300ABFA42 /* NotificationsView.swift */,
				45A3C25A292EB6E7009A3243 /* RelationshipsView.swift */,
				4592A5572931A27900B4C7BF /* BookmarksView.swift */,
				4550D6962932999E00A876BC /* StatusesView.swift */,
				4550D69829329C8000A876BC /* Avatar.swift */,
			);
			path = Content;
			sourceTree = "<group>";
		};
		4514349B29183DFA004A9208 /* Support */ = {
			isa = PBXGroup;
			children = (
				45B45CC1291065870070F1C5 /* PagedContentView.swift */,
				45F1A2B5290E0F4B0093A8AC /* Support.swift */,
				45F1A2BC290E31360093A8AC /* Minikeychain.swift */,
				455E6D7D292D27E300ACACF8 /* NavigationSplitViewVisibility+RawRepresentable.swift */,
				45E6F3CB292E07C40021205F /* Announcements.swift */,
				4592A5552930199300B4C7BF /* ConsoleLogView.swift */,
				74547AFA2931A41200500E38 /* ImageDescription.swift */,
			);
			path = Support;
			sourceTree = "<group>";
		};
		45201FF8290F14E800469569 /* DotFiles */ = {
			isa = PBXGroup;
			children = (
				45201FFC290F150100469569 /* .gitignore */,
				45201FFB290F150100469569 /* .swift-version */,
				45201FFA290F150100469569 /* .swiftformat */,
				45201FF9290F150100469569 /* .swiftlint.yml */,
				45201FFD290F152000469569 /* buildkite */,
			);
			name = DotFiles;
			sourceTree = "<group>";
		};
		45201FFD290F152000469569 /* buildkite */ = {
			isa = PBXGroup;
			children = (
				45201FFE290F152000469569 /* pipeline.yml */,
			);
			path = buildkite;
			sourceTree = "<group>";
		};
		45201FFF290F164800469569 /* xcconfig */ = {
			isa = PBXGroup;
			children = (
				45202004290F164800469569 /* Project-Shared.xcconfig */,
				45202005290F164800469569 /* Project-Debug.xcconfig */,
				45202001290F164800469569 /* Project-Release.xcconfig */,
				45202003290F164800469569 /* MastodonAgain-Shared.xcconfig */,
				45202002290F164800469569 /* MastodonAgain-Debug.xcconfig */,
				45202000290F164800469569 /* MastodonAgain-Release.xcconfig */,
			);
			path = xcconfig;
			sourceTree = "<group>";
		};
		455AC875290D96F600137415 = {
			isa = PBXGroup;
			children = (
				45FDAF8A29178A970073E8E0 /* README.md */,
				4550D69A2932A53800A876BC /* CHANGELOG.md */,
				45201FF8290F14E800469569 /* DotFiles */,
				45201FFF290F164800469569 /* xcconfig */,
				455AC891290D981A00137415 /* Packages */,
				455AC880290D96F600137415 /* MastodonAgain */,
				4511AFBB2929D07E008A1858 /* Test Plans */,
				455AC87F290D96F600137415 /* Products */,
				45F1A2AD290DBB990093A8AC /* Frameworks */,
			);
			sourceTree = "<group>";
		};
		455AC87F290D96F600137415 /* Products */ = {
			isa = PBXGroup;
			children = (
				455AC87E290D96F600137415 /* MastodonAgain.app */,
			);
			name = Products;
			sourceTree = "<group>";
		};
		455AC880290D96F600137415 /* MastodonAgain */ = {
			isa = PBXGroup;
			children = (
				4514349929183DD6004A9208 /* Main */,
				4514349A29183DF1004A9208 /* Content */,
				4514349B29183DFA004A9208 /* Support */,
				4520200D290F273400469569 /* Info.plist */,
				455AC885290D96F700137415 /* Assets.xcassets */,
				455AC887290D96F700137415 /* MastodonAgain.entitlements */,
				455AC888290D96F700137415 /* Preview Content */,
			);
			path = MastodonAgain;
			sourceTree = "<group>";
		};
		455AC888290D96F700137415 /* Preview Content */ = {
			isa = PBXGroup;
			children = (
				455AC889290D96F700137415 /* Preview Assets.xcassets */,
			);
			path = "Preview Content";
			sourceTree = "<group>";
		};
		455AC891290D981A00137415 /* Packages */ = {
			isa = PBXGroup;
			children = (
				454ED2F92929D9A30067B070 /* Blueprint */,
				454ED2FA2929D9B70067B070 /* Mastodon */,
				454ED2FB2929D9B70067B070 /* Storage */,
				454ED2FC2929D9B70067B070 /* Support */,
			);
			path = Packages;
			sourceTree = "<group>";
		};
		45F1A2AD290DBB990093A8AC /* Frameworks */ = {
			isa = PBXGroup;
			children = (
			);
			name = Frameworks;
			sourceTree = "<group>";
		};
/* End PBXGroup section */

/* Begin PBXNativeTarget section */
		455AC87D290D96F600137415 /* MastodonAgain */ = {
			isa = PBXNativeTarget;
			buildConfigurationList = 455AC88D290D96F700137415 /* Build configuration list for PBXNativeTarget "MastodonAgain" */;
			buildPhases = (
				455AC87A290D96F600137415 /* Sources */,
				455AC87B290D96F600137415 /* Frameworks */,
				455AC87C290D96F600137415 /* Resources */,
				4520200C290F179800469569 /* ShellScript */,
			);
			buildRules = (
			);
			dependencies = (
			);
			name = MastodonAgain;
			packageProductDependencies = (
				45F1A2B1290DD6AB0093A8AC /* CachedAsyncImage */,
				45FDAF8829177EF50073E8E0 /* AsyncAlgorithms */,
				454ED2FD2929D9CA0067B070 /* Blueprint */,
				454ED2FF2929D9CA0067B070 /* Mastodon */,
				454ED3012929D9CA0067B070 /* Storage */,
				454ED3032929D9CA0067B070 /* Support */,
			);
			productName = MastodonAgain;
			productReference = 455AC87E290D96F600137415 /* MastodonAgain.app */;
			productType = "com.apple.product-type.application";
		};
/* End PBXNativeTarget section */

/* Begin PBXProject section */
		455AC876290D96F600137415 /* Project object */ = {
			isa = PBXProject;
			attributes = {
				BuildIndependentTargetsInParallel = 1;
				LastSwiftUpdateCheck = 1410;
				LastUpgradeCheck = 1410;
				TargetAttributes = {
					455AC87D290D96F600137415 = {
						CreatedOnToolsVersion = 14.1;
					};
				};
			};
			buildConfigurationList = 455AC879290D96F600137415 /* Build configuration list for PBXProject "MastodonAgain" */;
			compatibilityVersion = "Xcode 14.0";
			developmentRegion = en;
			hasScannedForEncodings = 0;
			knownRegions = (
				en,
				Base,
			);
			mainGroup = 455AC875290D96F600137415;
			packageReferences = (
				45F1A2B0290DD6AB0093A8AC /* XCRemoteSwiftPackageReference "swiftui-cached-async-image" */,
				45FDAF8729177EF50073E8E0 /* XCRemoteSwiftPackageReference "swift-async-algorithms" */,
			);
			productRefGroup = 455AC87F290D96F600137415 /* Products */;
			projectDirPath = "";
			projectRoot = "";
			targets = (
				455AC87D290D96F600137415 /* MastodonAgain */,
			);
		};
/* End PBXProject section */

/* Begin PBXResourcesBuildPhase section */
		455AC87C290D96F600137415 /* Resources */ = {
			isa = PBXResourcesBuildPhase;
			buildActionMask = 2147483647;
			files = (
				455AC88A290D96F700137415 /* Preview Assets.xcassets in Resources */,
				455AC886290D96F700137415 /* Assets.xcassets in Resources */,
			);
			runOnlyForDeploymentPostprocessing = 0;
		};
/* End PBXResourcesBuildPhase section */

/* Begin PBXShellScriptBuildPhase section */
		4520200C290F179800469569 /* ShellScript */ = {
			isa = PBXShellScriptBuildPhase;
			alwaysOutOfDate = 1;
			buildActionMask = 2147483647;
			files = (
			);
			inputFileListPaths = (
			);
			inputPaths = (
			);
			outputFileListPaths = (
			);
			outputPaths = (
			);
			runOnlyForDeploymentPostprocessing = 0;
			shellPath = /bin/sh;
			shellScript = "export PATH=$PATH:/opt/homebrew/bin\nif which -s swiftlint;\nthen\n    swiftlint lint --quiet\nfi\n";
			showEnvVarsInLog = 0;
		};
/* End PBXShellScriptBuildPhase section */

/* Begin PBXSourcesBuildPhase section */
		455AC87A290D96F600137415 /* Sources */ = {
			isa = PBXSourcesBuildPhase;
			buildActionMask = 2147483647;
			files = (
				45B45CC2291065870070F1C5 /* PagedContentView.swift in Sources */,
				45E595A0292A89500005F5B6 /* StatusRow.swift in Sources */,
				4592E171292C5A230037416B /* ActionButtonStyle.swift in Sources */,
				4592A5582931A27900B4C7BF /* BookmarksView.swift in Sources */,
				455AC884290D96F600137415 /* ContentView.swift in Sources */,
				45E595A2292AAE600005F5B6 /* StatusActions.swift in Sources */,
				45E6F3CA292DFDA40021205F /* AccountActions.swift in Sources */,
				452020132910281300469569 /* MainView.swift in Sources */,
				4520200F290F87A200469569 /* MediaStack.swift in Sources */,
				45A3C25B292EB6E7009A3243 /* RelationshipsView.swift in Sources */,
				45B45CC4291086660070F1C5 /* CardView.swift in Sources */,
				4596FB3B292DAAE200BFDD90 /* NarrowStatusRow.swift in Sources */,
				45FDAF84291714F40073E8E0 /* StatusInfoView.swift in Sources */,
				45F1A2BB290E1FE50093A8AC /* LargeStatusRow.swift in Sources */,
				A19FD1FB29295CAF00F6BE86 /* SignInViewModel.swift in Sources */,
				45E6F3CC292E07C40021205F /* Announcements.swift in Sources */,
				4592A5562930199300B4C7BF /* ConsoleLogView.swift in Sources */,
				45FDAF822916EE5A0073E8E0 /* MiniStatusRow.swift in Sources */,
				45202011290F8DC600469569 /* NewPostWindow.swift in Sources */,
				451434982918386E004A9208 /* InstanceModel.swift in Sources */,
				4550D69929329C8000A876BC /* Avatar.swift in Sources */,
				4550D6972932999E00A876BC /* StatusesView.swift in Sources */,
				45F1A2C1290E4FEE0093A8AC /* AppModel.swift in Sources */,
				45F1A2BD290E31360093A8AC /* Minikeychain.swift in Sources */,
				455AC882290D96F600137415 /* MastodonAgainApp.swift in Sources */,
				45FDAF86291715130073E8E0 /* AccountInfoView.swift in Sources */,
				453BB94A292720A800FAA259 /* SigninPicker.swift in Sources */,
				45F1A2B9290E1FB60093A8AC /* TimelineView.swift in Sources */,
				74547AFB2931A41200500E38 /* ImageDescription.swift in Sources */,
				45F1A2C3290E4FF60093A8AC /* AppSettings.swift in Sources */,
				4514349D29184E05004A9208 /* SigninsView.swift in Sources */,
				455E6D7E292D27E300ACACF8 /* NavigationSplitViewVisibility+RawRepresentable.swift in Sources */,
				45F1A2B6290E0F4B0093A8AC /* Support.swift in Sources */,
				4529E98229286D0300ABFA42 /* NotificationsView.swift in Sources */,
			);
			runOnlyForDeploymentPostprocessing = 0;
		};
/* End PBXSourcesBuildPhase section */

/* Begin XCBuildConfiguration section */
		455AC88B290D96F700137415 /* Debug */ = {
			isa = XCBuildConfiguration;
			baseConfigurationReference = 45202005290F164800469569 /* Project-Debug.xcconfig */;
			buildSettings = {
			};
			name = Debug;
		};
		455AC88C290D96F700137415 /* Release */ = {
			isa = XCBuildConfiguration;
			baseConfigurationReference = 45202001290F164800469569 /* Project-Release.xcconfig */;
			buildSettings = {
			};
			name = Release;
		};
		455AC88E290D96F700137415 /* Debug */ = {
			isa = XCBuildConfiguration;
			baseConfigurationReference = 45202002290F164800469569 /* MastodonAgain-Debug.xcconfig */;
			buildSettings = {
			};
			name = Debug;
		};
		455AC88F290D96F700137415 /* Release */ = {
			isa = XCBuildConfiguration;
			baseConfigurationReference = 45202000290F164800469569 /* MastodonAgain-Release.xcconfig */;
			buildSettings = {
			};
			name = Release;
		};
/* End XCBuildConfiguration section */

/* Begin XCConfigurationList section */
		455AC879290D96F600137415 /* Build configuration list for PBXProject "MastodonAgain" */ = {
			isa = XCConfigurationList;
			buildConfigurations = (
				455AC88B290D96F700137415 /* Debug */,
				455AC88C290D96F700137415 /* Release */,
			);
			defaultConfigurationIsVisible = 0;
			defaultConfigurationName = Release;
		};
		455AC88D290D96F700137415 /* Build configuration list for PBXNativeTarget "MastodonAgain" */ = {
			isa = XCConfigurationList;
			buildConfigurations = (
				455AC88E290D96F700137415 /* Debug */,
				455AC88F290D96F700137415 /* Release */,
			);
			defaultConfigurationIsVisible = 0;
			defaultConfigurationName = Release;
		};
/* End XCConfigurationList section */

/* Begin XCRemoteSwiftPackageReference section */
		45F1A2B0290DD6AB0093A8AC /* XCRemoteSwiftPackageReference "swiftui-cached-async-image" */ = {
			isa = XCRemoteSwiftPackageReference;
			repositoryURL = "https://github.com/lorenzofiamingo/swiftui-cached-async-image";
			requirement = {
				kind = upToNextMajorVersion;
				minimumVersion = 2.0.0;
			};
		};
		45FDAF8729177EF50073E8E0 /* XCRemoteSwiftPackageReference "swift-async-algorithms" */ = {
			isa = XCRemoteSwiftPackageReference;
			repositoryURL = "https://github.com/apple/swift-async-algorithms";
			requirement = {
				kind = upToNextMajorVersion;
				minimumVersion = 0.0.3;
			};
		};
/* End XCRemoteSwiftPackageReference section */

/* Begin XCSwiftPackageProductDependency section */
		454ED2FD2929D9CA0067B070 /* Blueprint */ = {
			isa = XCSwiftPackageProductDependency;
			productName = Blueprint;
		};
		454ED2FF2929D9CA0067B070 /* Mastodon */ = {
			isa = XCSwiftPackageProductDependency;
			productName = Mastodon;
		};
		454ED3012929D9CA0067B070 /* Storage */ = {
			isa = XCSwiftPackageProductDependency;
			productName = Storage;
		};
		454ED3032929D9CA0067B070 /* Support */ = {
			isa = XCSwiftPackageProductDependency;
			productName = Support;
		};
		45F1A2B1290DD6AB0093A8AC /* CachedAsyncImage */ = {
			isa = XCSwiftPackageProductDependency;
			package = 45F1A2B0290DD6AB0093A8AC /* XCRemoteSwiftPackageReference "swiftui-cached-async-image" */;
			productName = CachedAsyncImage;
		};
		45FDAF8829177EF50073E8E0 /* AsyncAlgorithms */ = {
			isa = XCSwiftPackageProductDependency;
			package = 45FDAF8729177EF50073E8E0 /* XCRemoteSwiftPackageReference "swift-async-algorithms" */;
			productName = AsyncAlgorithms;
		};
/* End XCSwiftPackageProductDependency section */
	};
	rootObject = 455AC876290D96F600137415 /* Project object */;
}
